
Microsoft Visual Studio Solution File, Format Version 12.00
# Visual Studio Version 16
VisualStudioVersion = 16.0.30413.136
MinimumVisualStudioVersion = 10.0.40219.1
Project("{9A19103F-16F7-4668-BE54-9A1E7A4F7556}") = "Cut_URL", "Cut_URL\Cut_URL.csproj", "{6C2A3829-2DEE-47A9-9DFA-F24B52EE77D1}"
EndProject
Project("{9A19103F-16F7-4668-BE54-9A1E7A4F7556}") = "cut_URL.Tests", "cut_URL.Tests\cut_URL.Tests.csproj", "{BE24AE10-93C9-4D37-84C1-307F38CB4E70}"
EndProject
Global
	GlobalSection(SolutionConfigurationPlatforms) = preSolution
		Debug|Any CPU = Debug|Any CPU
		Release|Any CPU = Release|Any CPU
	EndGlobalSection
	GlobalSection(ProjectConfigurationPlatforms) = postSolution
		{6C2A3829-2DEE-47A9-9DFA-F24B52EE77D1}.Debug|Any CPU.ActiveCfg = Debug|Any CPU
		{6C2A3829-2DEE-47A9-9DFA-F24B52EE77D1}.Debug|Any CPU.Build.0 = Debug|Any CPU
		{6C2A3829-2DEE-47A9-9DFA-F24B52EE77D1}.Release|Any CPU.ActiveCfg = Release|Any CPU
		{6C2A3829-2DEE-47A9-9DFA-F24B52EE77D1}.Release|Any CPU.Build.0 = Release|Any CPU
		{BE24AE10-93C9-4D37-84C1-307F38CB4E70}.Debug|Any CPU.ActiveCfg = Debug|Any CPU
		{BE24AE10-93C9-4D37-84C1-307F38CB4E70}.Debug|Any CPU.Build.0 = Debug|Any CPU
		{BE24AE10-93C9-4D37-84C1-307F38CB4E70}.Release|Any CPU.ActiveCfg = Release|Any CPU
		{BE24AE10-93C9-4D37-84C1-307F38CB4E70}.Release|Any CPU.Build.0 = Release|Any CPU
	EndGlobalSection
	GlobalSection(SolutionProperties) = preSolution
		HideSolutionNode = FALSE
	EndGlobalSection
	GlobalSection(ExtensibilityGlobals) = postSolution
		SolutionGuid = {AE4ECAE9-81C3-4704-8EEE-0B01C823F97C}
	EndGlobalSection
EndGlobal
